// !$*UTF8*$!
{
	archiveVersion = 1;
	classes = {
	};
	objectVersion = 50;
	objects = {

/* Begin PBXBuildFile section */
		F18DD0DF24B93003009D9620 /* SettingsView.swift in Sources */ = {isa = PBXBuildFile; fileRef = F18DD0DE24B93003009D9620 /* SettingsView.swift */; };
		F18DD0E124B93393009D9620 /* FormRowStaticView.swift in Sources */ = {isa = PBXBuildFile; fileRef = F18DD0E024B93393009D9620 /* FormRowStaticView.swift */; };
		F18DD0E324B935B3009D9620 /* FormRowLinkView.swift in Sources */ = {isa = PBXBuildFile; fileRef = F18DD0E224B935B3009D9620 /* FormRowLinkView.swift */; };
		F1AEC65724B8F6D700CE2E97 /* EmptyListView.swift in Sources */ = {isa = PBXBuildFile; fileRef = F1AEC65624B8F6D700CE2E97 /* EmptyListView.swift */; };
		F1C3504024BEFF8A00DA3D4E /* Pink Light.png in Resources */ = {isa = PBXBuildFile; fileRef = F1C3503724BEFF8900DA3D4E /* Pink Light.png */; };
		F1C3504124BEFF8A00DA3D4E /* Green.png in Resources */ = {isa = PBXBuildFile; fileRef = F1C3503824BEFF8900DA3D4E /* Green.png */; };
		F1C3504224BEFF8A00DA3D4E /* Blue Dark.png in Resources */ = {isa = PBXBuildFile; fileRef = F1C3503924BEFF8900DA3D4E /* Blue Dark.png */; };
		F1C3504324BEFF8A00DA3D4E /* Blue Light.png in Resources */ = {isa = PBXBuildFile; fileRef = F1C3503A24BEFF8900DA3D4E /* Blue Light.png */; };
		F1C3504424BEFF8A00DA3D4E /* Green Light.png in Resources */ = {isa = PBXBuildFile; fileRef = F1C3503B24BEFF8A00DA3D4E /* Green Light.png */; };
		F1C3504524BEFF8A00DA3D4E /* Green Dark.png in Resources */ = {isa = PBXBuildFile; fileRef = F1C3503C24BEFF8A00DA3D4E /* Green Dark.png */; };
		F1C3504624BEFF8A00DA3D4E /* Blue.png in Resources */ = {isa = PBXBuildFile; fileRef = F1C3503D24BEFF8A00DA3D4E /* Blue.png */; };
		F1C3504724BEFF8A00DA3D4E /* Pink Dark.png in Resources */ = {isa = PBXBuildFile; fileRef = F1C3503E24BEFF8A00DA3D4E /* Pink Dark.png */; };
		F1C3504824BEFF8A00DA3D4E /* Pink.png in Resources */ = {isa = PBXBuildFile; fileRef = F1C3503F24BEFF8A00DA3D4E /* Pink.png */; };
		F1EB2B5B24B8AFEA00D19D18 /* AppDelegate.swift in Sources */ = {isa = PBXBuildFile; fileRef = F1EB2B5A24B8AFEA00D19D18 /* AppDelegate.swift */; };
		F1EB2B5D24B8AFEA00D19D18 /* SceneDelegate.swift in Sources */ = {isa = PBXBuildFile; fileRef = F1EB2B5C24B8AFEA00D19D18 /* SceneDelegate.swift */; };
		F1EB2B6024B8AFEA00D19D18 /* Todo.xcdatamodeld in Sources */ = {isa = PBXBuildFile; fileRef = F1EB2B5E24B8AFEA00D19D18 /* Todo.xcdatamodeld */; };
		F1EB2B6224B8AFEA00D19D18 /* ContentView.swift in Sources */ = {isa = PBXBuildFile; fileRef = F1EB2B6124B8AFEA00D19D18 /* ContentView.swift */; };
		F1EB2B6424B8AFEB00D19D18 /* Assets.xcassets in Resources */ = {isa = PBXBuildFile; fileRef = F1EB2B6324B8AFEB00D19D18 /* Assets.xcassets */; };
		F1EB2B6724B8AFEB00D19D18 /* Preview Assets.xcassets in Resources */ = {isa = PBXBuildFile; fileRef = F1EB2B6624B8AFEB00D19D18 /* Preview Assets.xcassets */; };
		F1EB2B6A24B8AFEB00D19D18 /* LaunchScreen.storyboard in Resources */ = {isa = PBXBuildFile; fileRef = F1EB2B6824B8AFEB00D19D18 /* LaunchScreen.storyboard */; };
		F1EB2B7324B8B02000D19D18 /* AddToDoView.swift in Sources */ = {isa = PBXBuildFile; fileRef = F1EB2B7224B8B02000D19D18 /* AddToDoView.swift */; };
		F1EB8C1724C12DDF00347C74 /* ThemeModel.swift in Sources */ = {isa = PBXBuildFile; fileRef = F1EB8C1624C12DDF00347C74 /* ThemeModel.swift */; };
		F1EB8C1924C12E2B00347C74 /* ThemeData.swift in Sources */ = {isa = PBXBuildFile; fileRef = F1EB8C1824C12E2B00347C74 /* ThemeData.swift */; };
		F1EB8C1B24C12EAD00347C74 /* ThemeSettings.swift in Sources */ = {isa = PBXBuildFile; fileRef = F1EB8C1A24C12EAD00347C74 /* ThemeSettings.swift */; };
/* End PBXBuildFile section */

/* Begin PBXFileReference section */
		F18DD0DE24B93003009D9620 /* SettingsView.swift */ = {isa = PBXFileReference; lastKnownFileType = sourcecode.swift; path = SettingsView.swift; sourceTree = "<group>"; };
		F18DD0E024B93393009D9620 /* FormRowStaticView.swift */ = {isa = PBXFileReference; lastKnownFileType = sourcecode.swift; path = FormRowStaticView.swift; sourceTree = "<group>"; };
		F18DD0E224B935B3009D9620 /* FormRowLinkView.swift */ = {isa = PBXFileReference; lastKnownFileType = sourcecode.swift; path = FormRowLinkView.swift; sourceTree = "<group>"; };
		F1AEC65624B8F6D700CE2E97 /* EmptyListView.swift */ = {isa = PBXFileReference; lastKnownFileType = sourcecode.swift; path = EmptyListView.swift; sourceTree = "<group>"; };
		F1C3503724BEFF8900DA3D4E /* Pink Light.png */ = {isa = PBXFileReference; lastKnownFileType = image.png; path = "Pink Light.png"; sourceTree = "<group>"; };
		F1C3503824BEFF8900DA3D4E /* Green.png */ = {isa = PBXFileReference; lastKnownFileType = image.png; path = Green.png; sourceTree = "<group>"; };
		F1C3503924BEFF8900DA3D4E /* Blue Dark.png */ = {isa = PBXFileReference; lastKnownFileType = image.png; path = "Blue Dark.png"; sourceTree = "<group>"; };
		F1C3503A24BEFF8900DA3D4E /* Blue Light.png */ = {isa = PBXFileReference; lastKnownFileType = image.png; path = "Blue Light.png"; sourceTree = "<group>"; };
		F1C3503B24BEFF8A00DA3D4E /* Green Light.png */ = {isa = PBXFileReference; lastKnownFileType = image.png; path = "Green Light.png"; sourceTree = "<group>"; };
		F1C3503C24BEFF8A00DA3D4E /* Green Dark.png */ = {isa = PBXFileReference; lastKnownFileType = image.png; path = "Green Dark.png"; sourceTree = "<group>"; };
		F1C3503D24BEFF8A00DA3D4E /* Blue.png */ = {isa = PBXFileReference; lastKnownFileType = image.png; path = Blue.png; sourceTree = "<group>"; };
		F1C3503E24BEFF8A00DA3D4E /* Pink Dark.png */ = {isa = PBXFileReference; lastKnownFileType = image.png; path = "Pink Dark.png"; sourceTree = "<group>"; };
		F1C3503F24BEFF8A00DA3D4E /* Pink.png */ = {isa = PBXFileReference; lastKnownFileType = image.png; path = Pink.png; sourceTree = "<group>"; };
		F1EB2B5724B8AFEA00D19D18 /* Todo App.app */ = {isa = PBXFileReference; explicitFileType = wrapper.application; includeInIndex = 0; path = "Todo App.app"; sourceTree = BUILT_PRODUCTS_DIR; };
		F1EB2B5A24B8AFEA00D19D18 /* AppDelegate.swift */ = {isa = PBXFileReference; lastKnownFileType = sourcecode.swift; path = AppDelegate.swift; sourceTree = "<group>"; };
		F1EB2B5C24B8AFEA00D19D18 /* SceneDelegate.swift */ = {isa = PBXFileReference; lastKnownFileType = sourcecode.swift; path = SceneDelegate.swift; sourceTree = "<group>"; };
		F1EB2B5F24B8AFEA00D19D18 /* Todo.xcdatamodel */ = {isa = PBXFileReference; lastKnownFileType = wrapper.xcdatamodel; path = Todo.xcdatamodel; sourceTree = "<group>"; };
		F1EB2B6124B8AFEA00D19D18 /* ContentView.swift */ = {isa = PBXFileReference; lastKnownFileType = sourcecode.swift; path = ContentView.swift; sourceTree = "<group>"; };
		F1EB2B6324B8AFEB00D19D18 /* Assets.xcassets */ = {isa = PBXFileReference; lastKnownFileType = folder.assetcatalog; path = Assets.xcassets; sourceTree = "<group>"; };
		F1EB2B6624B8AFEB00D19D18 /* Preview Assets.xcassets */ = {isa = PBXFileReference; lastKnownFileType = folder.assetcatalog; path = "Preview Assets.xcassets"; sourceTree = "<group>"; };
		F1EB2B6924B8AFEB00D19D18 /* Base */ = {isa = PBXFileReference; lastKnownFileType = file.storyboard; name = Base; path = Base.lproj/LaunchScreen.storyboard; sourceTree = "<group>"; };
		F1EB2B6B24B8AFEB00D19D18 /* Info.plist */ = {isa = PBXFileReference; lastKnownFileType = text.plist.xml; path = Info.plist; sourceTree = "<group>"; };
		F1EB2B7224B8B02000D19D18 /* AddToDoView.swift */ = {isa = PBXFileReference; lastKnownFileType = sourcecode.swift; path = AddToDoView.swift; sourceTree = "<group>"; };
		F1EB8C1624C12DDF00347C74 /* ThemeModel.swift */ = {isa = PBXFileReference; lastKnownFileType = sourcecode.swift; path = ThemeModel.swift; sourceTree = "<group>"; };
		F1EB8C1824C12E2B00347C74 /* ThemeData.swift */ = {isa = PBXFileReference; lastKnownFileType = sourcecode.swift; path = ThemeData.swift; sourceTree = "<group>"; };
		F1EB8C1A24C12EAD00347C74 /* ThemeSettings.swift */ = {isa = PBXFileReference; lastKnownFileType = sourcecode.swift; path = ThemeSettings.swift; sourceTree = "<group>"; };
/* End PBXFileReference section */

/* Begin PBXFrameworksBuildPhase section */
		F1EB2B5424B8AFEA00D19D18 /* Frameworks */ = {
			isa = PBXFrameworksBuildPhase;
			buildActionMask = 2147483647;
			files = (
			);
			runOnlyForDeploymentPostprocessing = 0;
		};
/* End PBXFrameworksBuildPhase section */

/* Begin PBXGroup section */
		F1C3503624BEFF6200DA3D4E /* Icons */ = {
			isa = PBXGroup;
			children = (
				F1C3503924BEFF8900DA3D4E /* Blue Dark.png */,
				F1C3503A24BEFF8900DA3D4E /* Blue Light.png */,
				F1C3503D24BEFF8A00DA3D4E /* Blue.png */,
				F1C3503C24BEFF8A00DA3D4E /* Green Dark.png */,
				F1C3503B24BEFF8A00DA3D4E /* Green Light.png */,
				F1C3503824BEFF8900DA3D4E /* Green.png */,
				F1C3503E24BEFF8A00DA3D4E /* Pink Dark.png */,
				F1C3503724BEFF8900DA3D4E /* Pink Light.png */,
				F1C3503F24BEFF8A00DA3D4E /* Pink.png */,
			);
			path = Icons;
			sourceTree = "<group>";
		};
		F1EB2B4E24B8AFEA00D19D18 = {
			isa = PBXGroup;
			children = (
				F1EB2B5924B8AFEA00D19D18 /* Todo */,
				F1EB2B5824B8AFEA00D19D18 /* Products */,
			);
			sourceTree = "<group>";
		};
		F1EB2B5824B8AFEA00D19D18 /* Products */ = {
			isa = PBXGroup;
			children = (
				F1EB2B5724B8AFEA00D19D18 /* Todo App.app */,
			);
			name = Products;
			sourceTree = "<group>";
		};
		F1EB2B5924B8AFEA00D19D18 /* Todo */ = {
			isa = PBXGroup;
			children = (
				F1EB8C1524C12DB500347C74 /* Theme */,
				F1C3503624BEFF6200DA3D4E /* Icons */,
				F1EB2B5A24B8AFEA00D19D18 /* AppDelegate.swift */,
				F1EB2B5C24B8AFEA00D19D18 /* SceneDelegate.swift */,
				F1EB2B7124B8B00C00D19D18 /* View */,
				F1EB2B6324B8AFEB00D19D18 /* Assets.xcassets */,
				F1EB2B6824B8AFEB00D19D18 /* LaunchScreen.storyboard */,
				F1EB2B6B24B8AFEB00D19D18 /* Info.plist */,
				F1EB2B5E24B8AFEA00D19D18 /* Todo.xcdatamodeld */,
				F1EB2B6524B8AFEB00D19D18 /* Preview Content */,
			);
			path = Todo;
			sourceTree = "<group>";
		};
		F1EB2B6524B8AFEB00D19D18 /* Preview Content */ = {
			isa = PBXGroup;
			children = (
				F1EB2B6624B8AFEB00D19D18 /* Preview Assets.xcassets */,
			);
			path = "Preview Content";
			sourceTree = "<group>";
		};
		F1EB2B7124B8B00C00D19D18 /* View */ = {
			isa = PBXGroup;
			children = (
				F1EB2B6124B8AFEA00D19D18 /* ContentView.swift */,
				F1EB2B7224B8B02000D19D18 /* AddToDoView.swift */,
				F1AEC65624B8F6D700CE2E97 /* EmptyListView.swift */,
				F18DD0DE24B93003009D9620 /* SettingsView.swift */,
				F18DD0E024B93393009D9620 /* FormRowStaticView.swift */,
				F18DD0E224B935B3009D9620 /* FormRowLinkView.swift */,
			);
			path = View;
			sourceTree = "<group>";
		};
		F1EB8C1524C12DB500347C74 /* Theme */ = {
			isa = PBXGroup;
			children = (
				F1EB8C1624C12DDF00347C74 /* ThemeModel.swift */,
				F1EB8C1824C12E2B00347C74 /* ThemeData.swift */,
				F1EB8C1A24C12EAD00347C74 /* ThemeSettings.swift */,
			);
			path = Theme;
			sourceTree = "<group>";
		};
/* End PBXGroup section */

/* Begin PBXNativeTarget section */
		F1EB2B5624B8AFEA00D19D18 /* Todo */ = {
			isa = PBXNativeTarget;
			buildConfigurationList = F1EB2B6E24B8AFEB00D19D18 /* Build configuration list for PBXNativeTarget "Todo" */;
			buildPhases = (
				F1EB2B5324B8AFEA00D19D18 /* Sources */,
				F1EB2B5424B8AFEA00D19D18 /* Frameworks */,
				F1EB2B5524B8AFEA00D19D18 /* Resources */,
			);
			buildRules = (
			);
			dependencies = (
			);
			name = Todo;
			productName = Todo;
			productReference = F1EB2B5724B8AFEA00D19D18 /* Todo App.app */;
			productType = "com.apple.product-type.application";
		};
/* End PBXNativeTarget section */

/* Begin PBXProject section */
		F1EB2B4F24B8AFEA00D19D18 /* Project object */ = {
			isa = PBXProject;
			attributes = {
				LastSwiftUpdateCheck = 1150;
				LastUpgradeCheck = 1150;
				ORGANIZATIONNAME = "Shabbir Saifee";
				TargetAttributes = {
					F1EB2B5624B8AFEA00D19D18 = {
						CreatedOnToolsVersion = 11.5;
					};
				};
			};
			buildConfigurationList = F1EB2B5224B8AFEA00D19D18 /* Build configuration list for PBXProject "Todo" */;
			compatibilityVersion = "Xcode 9.3";
			developmentRegion = en;
			hasScannedForEncodings = 0;
			knownRegions = (
				en,
				Base,
			);
			mainGroup = F1EB2B4E24B8AFEA00D19D18;
			productRefGroup = F1EB2B5824B8AFEA00D19D18 /* Products */;
			projectDirPath = "";
			projectRoot = "";
			targets = (
				F1EB2B5624B8AFEA00D19D18 /* Todo */,
			);
		};
/* End PBXProject section */

/* Begin PBXResourcesBuildPhase section */
		F1EB2B5524B8AFEA00D19D18 /* Resources */ = {
			isa = PBXResourcesBuildPhase;
			buildActionMask = 2147483647;
			files = (
				F1C3504224BEFF8A00DA3D4E /* Blue Dark.png in Resources */,
				F1EB2B6A24B8AFEB00D19D18 /* LaunchScreen.storyboard in Resources */,
				F1EB2B6724B8AFEB00D19D18 /* Preview Assets.xcassets in Resources */,
				F1C3504424BEFF8A00DA3D4E /* Green Light.png in Resources */,
				F1C3504324BEFF8A00DA3D4E /* Blue Light.png in Resources */,
				F1EB2B6424B8AFEB00D19D18 /* Assets.xcassets in Resources */,
				F1C3504524BEFF8A00DA3D4E /* Green Dark.png in Resources */,
				F1C3504624BEFF8A00DA3D4E /* Blue.png in Resources */,
				F1C3504024BEFF8A00DA3D4E /* Pink Light.png in Resources */,
				F1C3504824BEFF8A00DA3D4E /* Pink.png in Resources */,
				F1C3504724BEFF8A00DA3D4E /* Pink Dark.png in Resources */,
				F1C3504124BEFF8A00DA3D4E /* Green.png in Resources */,
			);
			runOnlyForDeploymentPostprocessing = 0;
		};
/* End PBXResourcesBuildPhase section */

/* Begin PBXSourcesBuildPhase section */
		F1EB2B5324B8AFEA00D19D18 /* Sources */ = {
			isa = PBXSourcesBuildPhase;
			buildActionMask = 2147483647;
			files = (
				F18DD0DF24B93003009D9620 /* SettingsView.swift in Sources */,
				F18DD0E124B93393009D9620 /* FormRowStaticView.swift in Sources */,
				F18DD0E324B935B3009D9620 /* FormRowLinkView.swift in Sources */,
				F1EB8C1924C12E2B00347C74 /* ThemeData.swift in Sources */,
				F1EB2B5B24B8AFEA00D19D18 /* AppDelegate.swift in Sources */,
				F1EB2B7324B8B02000D19D18 /* AddToDoView.swift in Sources */,
				F1EB8C1B24C12EAD00347C74 /* ThemeSettings.swift in Sources */,
				F1AEC65724B8F6D700CE2E97 /* EmptyListView.swift in Sources */,
				F1EB2B6024B8AFEA00D19D18 /* Todo.xcdatamodeld in Sources */,
				F1EB8C1724C12DDF00347C74 /* ThemeModel.swift in Sources */,
				F1EB2B6224B8AFEA00D19D18 /* ContentView.swift in Sources */,
				F1EB2B5D24B8AFEA00D19D18 /* SceneDelegate.swift in Sources */,
			);
			runOnlyForDeploymentPostprocessing = 0;
		};
/* End PBXSourcesBuildPhase section */

/* Begin PBXVariantGroup section */
		F1EB2B6824B8AFEB00D19D18 /* LaunchScreen.storyboard */ = {
			isa = PBXVariantGroup;
			children = (
				F1EB2B6924B8AFEB00D19D18 /* Base */,
			);
			name = LaunchScreen.storyboard;
			sourceTree = "<group>";
		};
/* End PBXVariantGroup section */

/* Begin XCBuildConfiguration section */
		F1EB2B6C24B8AFEB00D19D18 /* Debug */ = {
			isa = XCBuildConfiguration;
			buildSettings = {
				ALWAYS_SEARCH_USER_PATHS = NO;
				CLANG_ANALYZER_NONNULL = YES;
				CLANG_ANALYZER_NUMBER_OBJECT_CONVERSION = YES_AGGRESSIVE;
				CLANG_CXX_LANGUAGE_STANDARD = "gnu++14";
				CLANG_CXX_LIBRARY = "libc++";
				CLANG_ENABLE_MODULES = YES;
				CLANG_ENABLE_OBJC_ARC = YES;
				CLANG_ENABLE_OBJC_WEAK = YES;
				CLANG_WARN_BLOCK_CAPTURE_AUTORELEASING = YES;
				CLANG_WARN_BOOL_CONVERSION = YES;
				CLANG_WARN_COMMA = YES;
				CLANG_WARN_CONSTANT_CONVERSION = YES;
				CLANG_WARN_DEPRECATED_OBJC_IMPLEMENTATIONS = YES;
				CLANG_WARN_DIRECT_OBJC_ISA_USAGE = YES_ERROR;
				CLANG_WARN_DOCUMENTATION_COMMENTS = YES;
				CLANG_WARN_EMPTY_BODY = YES;
				CLANG_WARN_ENUM_CONVERSION = YES;
				CLANG_WARN_INFINITE_RECURSION = YES;
				CLANG_WARN_INT_CONVERSION = YES;
				CLANG_WARN_NON_LITERAL_NULL_CONVERSION = YES;
				CLANG_WARN_OBJC_IMPLICIT_RETAIN_SELF = YES;
				CLANG_WARN_OBJC_LITERAL_CONVERSION = YES;
				CLANG_WARN_OBJC_ROOT_CLASS = YES_ERROR;
				CLANG_WARN_RANGE_LOOP_ANALYSIS = YES;
				CLANG_WARN_STRICT_PROTOTYPES = YES;
				CLANG_WARN_SUSPICIOUS_MOVE = YES;
				CLANG_WARN_UNGUARDED_AVAILABILITY = YES_AGGRESSIVE;
				CLANG_WARN_UNREACHABLE_CODE = YES;
				CLANG_WARN__DUPLICATE_METHOD_MATCH = YES;
				COPY_PHASE_STRIP = NO;
				DEBUG_INFORMATION_FORMAT = dwarf;
				ENABLE_STRICT_OBJC_MSGSEND = YES;
				ENABLE_TESTABILITY = YES;
				GCC_C_LANGUAGE_STANDARD = gnu11;
				GCC_DYNAMIC_NO_PIC = NO;
				GCC_NO_COMMON_BLOCKS = YES;
				GCC_OPTIMIZATION_LEVEL = 0;
				GCC_PREPROCESSOR_DEFINITIONS = (
					"DEBUG=1",
					"$(inherited)",
				);
				GCC_WARN_64_TO_32_BIT_CONVERSION = YES;
				GCC_WARN_ABOUT_RETURN_TYPE = YES_ERROR;
				GCC_WARN_UNDECLARED_SELECTOR = YES;
				GCC_WARN_UNINITIALIZED_AUTOS = YES_AGGRESSIVE;
				GCC_WARN_UNUSED_FUNCTION = YES;
				GCC_WARN_UNUSED_VARIABLE = YES;
				IPHONEOS_DEPLOYMENT_TARGET = 13.5;
				MTL_ENABLE_DEBUG_INFO = INCLUDE_SOURCE;
				MTL_FAST_MATH = YES;
				ONLY_ACTIVE_ARCH = YES;
				SDKROOT = iphoneos;
				SWIFT_ACTIVE_COMPILATION_CONDITIONS = DEBUG;
				SWIFT_OPTIMIZATION_LEVEL = "-Onone";
			};
			name = Debug;
		};
		F1EB2B6D24B8AFEB00D19D18 /* Release */ = {
			isa = XCBuildConfiguration;
			buildSettings = {
				ALWAYS_SEARCH_USER_PATHS = NO;
				CLANG_ANALYZER_NONNULL = YES;
				CLANG_ANALYZER_NUMBER_OBJECT_CONVERSION = YES_AGGRESSIVE;
				CLANG_CXX_LANGUAGE_STANDARD = "gnu++14";
				CLANG_CXX_LIBRARY = "libc++";
				CLANG_ENABLE_MODULES = YES;
				CLANG_ENABLE_OBJC_ARC = YES;
				CLANG_ENABLE_OBJC_WEAK = YES;
				CLANG_WARN_BLOCK_CAPTURE_AUTORELEASING = YES;
				CLANG_WARN_BOOL_CONVERSION = YES;
				CLANG_WARN_COMMA = YES;
				CLANG_WARN_CONSTANT_CONVERSION = YES;
				CLANG_WARN_DEPRECATED_OBJC_IMPLEMENTATIONS = YES;
				CLANG_WARN_DIRECT_OBJC_ISA_USAGE = YES_ERROR;
				CLANG_WARN_DOCUMENTATION_COMMENTS = YES;
				CLANG_WARN_EMPTY_BODY = YES;
				CLANG_WARN_ENUM_CONVERSION = YES;
				CLANG_WARN_INFINITE_RECURSION = YES;
				CLANG_WARN_INT_CONVERSION = YES;
				CLANG_WARN_NON_LITERAL_NULL_CONVERSION = YES;
				CLANG_WARN_OBJC_IMPLICIT_RETAIN_SELF = YES;
				CLANG_WARN_OBJC_LITERAL_CONVERSION = YES;
				CLANG_WARN_OBJC_ROOT_CLASS = YES_ERROR;
				CLANG_WARN_RANGE_LOOP_ANALYSIS = YES;
				CLANG_WARN_STRICT_PROTOTYPES = YES;
				CLANG_WARN_SUSPICIOUS_MOVE = YES;
				CLANG_WARN_UNGUARDED_AVAILABILITY = YES_AGGRESSIVE;
				CLANG_WARN_UNREACHABLE_CODE = YES;
				CLANG_WARN__DUPLICATE_METHOD_MATCH = YES;
				COPY_PHASE_STRIP = NO;
				DEBUG_INFORMATION_FORMAT = "dwarf-with-dsym";
				ENABLE_NS_ASSERTIONS = NO;
				ENABLE_STRICT_OBJC_MSGSEND = YES;
				GCC_C_LANGUAGE_STANDARD = gnu11;
				GCC_NO_COMMON_BLOCKS = YES;
				GCC_WARN_64_TO_32_BIT_CONVERSION = YES;
				GCC_WARN_ABOUT_RETURN_TYPE = YES_ERROR;
				GCC_WARN_UNDECLARED_SELECTOR = YES;
				GCC_WARN_UNINITIALIZED_AUTOS = YES_AGGRESSIVE;
				GCC_WARN_UNUSED_FUNCTION = YES;
				GCC_WARN_UNUSED_VARIABLE = YES;
				IPHONEOS_DEPLOYMENT_TARGET = 13.5;
				MTL_ENABLE_DEBUG_INFO = NO;
				MTL_FAST_MATH = YES;
				SDKROOT = iphoneos;
				SWIFT_COMPILATION_MODE = wholemodule;
				SWIFT_OPTIMIZATION_LEVEL = "-O";
				VALIDATE_PRODUCT = YES;
			};
			name = Release;
		};
		F1EB2B6F24B8AFEB00D19D18 /* Debug */ = {
			isa = XCBuildConfiguration;
			buildSettings = {
				ASSETCATALOG_COMPILER_APPICON_NAME = AppIcon;
				CODE_SIGN_STYLE = Automatic;
				DEVELOPMENT_ASSET_PATHS = "\"Todo/Preview Content\"";
				DEVELOPMENT_TEAM = 6A2A9JF5K4;
				ENABLE_PREVIEWS = YES;
				INFOPLIST_FILE = Todo/Info.plist;
				LD_RUNPATH_SEARCH_PATHS = (
					"$(inherited)",
					"@executable_path/Frameworks",
				);
				PRODUCT_BUNDLE_IDENTIFIER = com.ssaifee.1992.Todo;
				PRODUCT_NAME = "Todo App";
				SWIFT_VERSION = 5.0;
				TARGETED_DEVICE_FAMILY = "1,2";
			};
			name = Debug;
		};
		F1EB2B7024B8AFEB00D19D18 /* Release */ = {
			isa = XCBuildConfiguration;
			buildSettings = {
				ASSETCATALOG_COMPILER_APPICON_NAME = AppIcon;
				CODE_SIGN_STYLE = Automatic;
				DEVELOPMENT_ASSET_PATHS = "\"Todo/Preview Content\"";
				DEVELOPMENT_TEAM = 6A2A9JF5K4;
				ENABLE_PREVIEWS = YES;
				INFOPLIST_FILE = Todo/Info.plist;
				LD_RUNPATH_SEARCH_PATHS = (
					"$(inherited)",
					"@executable_path/Frameworks",
				);
				PRODUCT_BUNDLE_IDENTIFIER = com.ssaifee.1992.Todo;
				PRODUCT_NAME = "Todo App";
				SWIFT_VERSION = 5.0;
				TARGETED_DEVICE_FAMILY = "1,2";
			};
			name = Release;
		};
/* End XCBuildConfiguration section */

/* Begin XCConfigurationList section */
		F1EB2B5224B8AFEA00D19D18 /* Build configuration list for PBXProject "Todo" */ = {
			isa = XCConfigurationList;
			buildConfigurations = (
				F1EB2B6C24B8AFEB00D19D18 /* Debug */,
				F1EB2B6D24B8AFEB00D19D18 /* Release */,
			);
			defaultConfigurationIsVisible = 0;
			defaultConfigurationName = Release;
		};
		F1EB2B6E24B8AFEB00D19D18 /* Build configuration list for PBXNativeTarget "Todo" */ = {
			isa = XCConfigurationList;
			buildConfigurations = (
				F1EB2B6F24B8AFEB00D19D18 /* Debug */,
				F1EB2B7024B8AFEB00D19D18 /* Release */,
			);
			defaultConfigurationIsVisible = 0;
			defaultConfigurationName = Release;
		};
/* End XCConfigurationList section */

/* Begin XCVersionGroup section */
		F1EB2B5E24B8AFEA00D19D18 /* Todo.xcdatamodeld */ = {
			isa = XCVersionGroup;
			children = (
				F1EB2B5F24B8AFEA00D19D18 /* Todo.xcdatamodel */,
			);
			currentVersion = F1EB2B5F24B8AFEA00D19D18 /* Todo.xcdatamodel */;
			path = Todo.xcdatamodeld;
			sourceTree = "<group>";
			versionGroupType = wrapper.xcdatamodel;
		};
/* End XCVersionGroup section */
	};
	rootObject = F1EB2B4F24B8AFEA00D19D18 /* Project object */;
}
